
Microsoft Visual Studio Solution File, Format Version 12.00
# Visual Studio Version 16
VisualStudioVersion = 16.0.29613.14
MinimumVisualStudioVersion = 10.0.40219.1
Project("{FAE04EC0-301F-11D3-BF4B-00C04F79EFBC}") = "ProductMicroservice", "ProductMicroservice.csproj", "{F58CE78D-0AF9-443B-B67E-D2E9DA236ABF}"
EndProject
Global
	GlobalSection(SolutionConfigurationPlatforms) = preSolution
		Debug|Any CPU = Debug|Any CPU
		Release|Any CPU = Release|Any CPU
	EndGlobalSection
	GlobalSection(ProjectConfigurationPlatforms) = postSolution
		{F58CE78D-0AF9-443B-B67E-D2E9DA236ABF}.Debug|Any CPU.ActiveCfg = Debug|Any CPU
		{F58CE78D-0AF9-443B-B67E-D2E9DA236ABF}.Debug|Any CPU.Build.0 = Debug|Any CPU
		{F58CE78D-0AF9-443B-B67E-D2E9DA236ABF}.Release|Any CPU.ActiveCfg = Release|Any CPU
		{F58CE78D-0AF9-443B-B67E-D2E9DA236ABF}.Release|Any CPU.Build.0 = Release|Any CPU
	EndGlobalSection
	GlobalSection(SolutionProperties) = preSolution
		HideSolutionNode = FALSE
	EndGlobalSection
	GlobalSection(ExtensibilityGlobals) = postSolution
		SolutionGuid = {CE7442F2-6AC2-4573-B7B8-87939D713F76}
	EndGlobalSection
EndGlobal
