
Microsoft Visual Studio Solution File, Format Version 12.00
# Visual Studio Version 16
VisualStudioVersion = 16.0.30503.244
MinimumVisualStudioVersion = 10.0.40219.1
Project("{FAE04EC0-301F-11D3-BF4B-00C04F79EFBC}") = "ConsoleApplication", "ConsoleApplication.csproj", "{DEF9FCF2-83B5-4B1E-9DB5-19029ED32472}"
EndProject
Global
	GlobalSection(SolutionConfigurationPlatforms) = preSolution
		Debug|Any CPU = Debug|Any CPU
		Release|Any CPU = Release|Any CPU
	EndGlobalSection
	GlobalSection(ProjectConfigurationPlatforms) = postSolution
		{DEF9FCF2-83B5-4B1E-9DB5-19029ED32472}.Debug|Any CPU.ActiveCfg = Debug|Any CPU
		{DEF9FCF2-83B5-4B1E-9DB5-19029ED32472}.Debug|Any CPU.Build.0 = Debug|Any CPU
		{DEF9FCF2-83B5-4B1E-9DB5-19029ED32472}.Release|Any CPU.ActiveCfg = Release|Any CPU
		{DEF9FCF2-83B5-4B1E-9DB5-19029ED32472}.Release|Any CPU.Build.0 = Release|Any CPU
	EndGlobalSection
	GlobalSection(SolutionProperties) = preSolution
		HideSolutionNode = FALSE
	EndGlobalSection
	GlobalSection(ExtensibilityGlobals) = postSolution
		SolutionGuid = {C025C8B5-C078-4657-9F85-FF289742EE7C}
	EndGlobalSection
EndGlobal
